
Microsoft Visual Studio Solution File, Format Version 12.00
# Visual Studio 15
VisualStudioVersion = 15.0.28307.168
MinimumVisualStudioVersion = 10.0.40219.1
Project("{FAE04EC0-301F-11D3-BF4B-00C04F79EFBC}") = "Covid19RS", "Covid19RS\Covid19RS.csproj", "{2B84D95D-CC05-4AF4-B6E9-838E38415604}"
EndProject
Global
	GlobalSection(SolutionConfigurationPlatforms) = preSolution
		Debug|Any CPU = Debug|Any CPU
		Release|Any CPU = Release|Any CPU
	EndGlobalSection
	GlobalSection(ProjectConfigurationPlatforms) = postSolution
		{2B84D95D-CC05-4AF4-B6E9-838E38415604}.Debug|Any CPU.ActiveCfg = Debug|Any CPU
		{2B84D95D-CC05-4AF4-B6E9-838E38415604}.Debug|Any CPU.Build.0 = Debug|Any CPU
		{2B84D95D-CC05-4AF4-B6E9-838E38415604}.Release|Any CPU.ActiveCfg = Release|Any CPU
		{2B84D95D-CC05-4AF4-B6E9-838E38415604}.Release|Any CPU.Build.0 = Release|Any CPU
	EndGlobalSection
	GlobalSection(SolutionProperties) = preSolution
		HideSolutionNode = FALSE
	EndGlobalSection
	GlobalSection(ExtensibilityGlobals) = postSolution
		SolutionGuid = {BF8EBF4C-B7D0-4613-B5F4-33F3735A5069}
	EndGlobalSection
EndGlobal
